PODS:
  - MBProgressHUD (0.9.1)
  - PureLayout (2.0.5)
  - Shimmer (1.0.2)

DEPENDENCIES:
  - MBProgressHUD (~> 0.9.1)
  - PureLayout (~> 2.0.5)
  - Shimmer (~> 1.0.2)

SPEC CHECKSUMS:
  MBProgressHUD: c47f2c166c126cf2ce36498d80f33e754d4e93ad
  PureLayout: a0fe75f1cf485801e7e00b723b8a3c32dca558e2
  Shimmer: c5374be1c2b0c9e292fb05b339a513cf291cac86

COCOAPODS: 0.36.3
